{
  "nodes": {
    "disko": {
      "inputs": {
        "nixpkgs": [
          "original",
          "nixpkgs"
        ]
      },
      "locked": {
        "lastModified": 1745812220,
        "narHash": "sha256-hotBG0EJ9VmAHJYF0yhWuTVZpENHvwcJ2SxvIPrXm+g=",
        "owner": "nix-community",
        "repo": "disko",
        "rev": "d0c543d740fad42fe2c035b43c9d41127e073c78",
        "type": "github"
      },
      "original": {
        "owner": "nix-community",
        "repo": "disko",
        "type": "github"
      }
    },
    "home-manager": {
      "inputs": {
        "nixpkgs": [
          "original",
          "nixpkgs"
        ]
      },
      "locked": {
        "lastModified": 1746317522,
        "narHash": "sha256-/jZ4Wd4HHUEWPSlNj48k1E4Mh+1fUbwI/vSlPPIMG3U=",
        "owner": "nix-community",
        "repo": "home-manager",
        "rev": "621986fed37c5d0cb8df010ed8369694dc47c09b",
        "type": "github"
      },
      "original": {
        "owner": "nix-community",
        "repo": "home-manager",
        "type": "github"
      }
    },
    "impermanence": {
      "locked": {
        "lastModified": 1737831083,
        "narHash": "sha256-LJggUHbpyeDvNagTUrdhe/pRVp4pnS6wVKALS782gRI=",
        "owner": "nix-community",
        "repo": "impermanence",
        "rev": "4b3e914cdf97a5b536a889e939fb2fd2b043a170",
        "type": "github"
      },
      "original": {
        "owner": "nix-community",
        "repo": "impermanence",
        "type": "github"
      }
    },
    "nixpkgs": {
      "locked": {
        "lastModified": 1746232882,
        "narHash": "sha256-MHmBH2rS8KkRRdoU/feC/dKbdlMkcNkB5mwkuipVHeQ=",
        "owner": "nixos",
        "repo": "nixpkgs",
        "rev": "7a2622e2c0dbad5c4493cb268aba12896e28b008",
        "type": "github"
      },
      "original": {
        "owner": "nixos",
        "ref": "nixos-unstable",
        "repo": "nixpkgs",
        "type": "github"
      }
    },
    "original": {
      "inputs": {
        "disko": "disko",
        "home-manager": "home-manager",
        "impermanence": "impermanence",
        "nixpkgs": "nixpkgs"
      },
      "locked": {
        "lastModified": 1746967536,
        "narHash": "sha256-u0twMpPlpFeKV0+aHJkoiFYiLCHxVNtXJHbLRM9VooQ=",
        "owner": "timon-schelling",
        "repo": "timonos",
        "rev": "c96cb7ddb5eb7e47a46154ecd375623a3c2926e9",
        "type": "github"
      },
      "original": {
        "owner": "timon-schelling",
        "repo": "timonos",
        "type": "github"
      }
    },
    "root": {
      "inputs": {
        "original": "original"
      }
    }
  },
  "root": "root",
  "version": 7
}
